
Microsoft Visual Studio Solution File, Format Version 12.00
# Visual Studio 14
VisualStudioVersion = 14.0.23107.0
MinimumVisualStudioVersion = 10.0.40219.1
Project("{FAE04EC0-301F-11D3-BF4B-00C04F79EFBC}") = "Voxelarium.Core", "Voxelarium.Core\Voxelarium.Core.csproj", "{D8E76CD6-817D-4B50-B1C8-ABA10886FB68}"
EndProject
Project("{FAE04EC0-301F-11D3-BF4B-00C04F79EFBC}") = "Voxelarium", "Voxelarium\Voxelarium.csproj", "{67366DB7-5EE8-4772-82AF-23F9D3207180}"
EndProject
Project("{FAE04EC0-301F-11D3-BF4B-00C04F79EFBC}") = "Voxelarium.Bullet", "Voxelarium.Bullet\Voxelarium.Bullet.csproj", "{51F24014-65D4-414E-AC8D-1C9A2481308D}"
EndProject
Project("{FAE04EC0-301F-11D3-BF4B-00C04F79EFBC}") = "Bullet.UnitTests", "Bullet.UnitTests\Bullet.UnitTests.csproj", "{8D695F2D-A308-4319-B6A6-309D732FCE4C}"
EndProject
Project("{FAE04EC0-301F-11D3-BF4B-00C04F79EFBC}") = "Bullet", "bullet-xna\BulletXNA\Bullet.csproj", "{A1D48864-BD8D-44C8-ADBB-7B514FA2C618}"
EndProject
Project("{FAE04EC0-301F-11D3-BF4B-00C04F79EFBC}") = "Bullet-XNA.UnitTests", "Bullet-XNA.UnitTests\Bullet-XNA.UnitTests.csproj", "{3CC77509-FCFF-482B-8B19-43E390147BA0}"
EndProject
Project("{FAE04EC0-301F-11D3-BF4B-00C04F79EFBC}") = "Bullet.OpenTK.OpenGL2", "Bullet.OpenTK.OpenGL2\Bullet.OpenTK.OpenGL2.csproj", "{9034E5E4-A997-409C-86D1-2D1B74119204}"
EndProject
Global
	GlobalSection(Performance) = preSolution
		HasPerformanceSessions = true
	EndGlobalSection
	GlobalSection(SolutionConfigurationPlatforms) = preSolution
		Debug|Any CPU = Debug|Any CPU
		Debug|x86 = Debug|x86
		Release|Any CPU = Release|Any CPU
		Release|x86 = Release|x86
	EndGlobalSection
	GlobalSection(ProjectConfigurationPlatforms) = postSolution
		{D8E76CD6-817D-4B50-B1C8-ABA10886FB68}.Debug|Any CPU.ActiveCfg = Debug|Any CPU
		{D8E76CD6-817D-4B50-B1C8-ABA10886FB68}.Debug|Any CPU.Build.0 = Debug|Any CPU
		{D8E76CD6-817D-4B50-B1C8-ABA10886FB68}.Debug|x86.ActiveCfg = Debug|x86
		{D8E76CD6-817D-4B50-B1C8-ABA10886FB68}.Debug|x86.Build.0 = Debug|x86
		{D8E76CD6-817D-4B50-B1C8-ABA10886FB68}.Release|Any CPU.ActiveCfg = Release|Any CPU
		{D8E76CD6-817D-4B50-B1C8-ABA10886FB68}.Release|Any CPU.Build.0 = Release|Any CPU
		{D8E76CD6-817D-4B50-B1C8-ABA10886FB68}.Release|x86.ActiveCfg = Release|x86
		{D8E76CD6-817D-4B50-B1C8-ABA10886FB68}.Release|x86.Build.0 = Release|x86
		{67366DB7-5EE8-4772-82AF-23F9D3207180}.Debug|Any CPU.ActiveCfg = Debug|Any CPU
		{67366DB7-5EE8-4772-82AF-23F9D3207180}.Debug|Any CPU.Build.0 = Debug|Any CPU
		{67366DB7-5EE8-4772-82AF-23F9D3207180}.Debug|x86.ActiveCfg = Debug|x86
		{67366DB7-5EE8-4772-82AF-23F9D3207180}.Debug|x86.Build.0 = Debug|x86
		{67366DB7-5EE8-4772-82AF-23F9D3207180}.Release|Any CPU.ActiveCfg = Release|Any CPU
		{67366DB7-5EE8-4772-82AF-23F9D3207180}.Release|Any CPU.Build.0 = Release|Any CPU
		{67366DB7-5EE8-4772-82AF-23F9D3207180}.Release|x86.ActiveCfg = Release|x86
		{67366DB7-5EE8-4772-82AF-23F9D3207180}.Release|x86.Build.0 = Release|x86
		{51F24014-65D4-414E-AC8D-1C9A2481308D}.Debug|Any CPU.ActiveCfg = Debug|Any CPU
		{51F24014-65D4-414E-AC8D-1C9A2481308D}.Debug|Any CPU.Build.0 = Debug|Any CPU
		{51F24014-65D4-414E-AC8D-1C9A2481308D}.Debug|x86.ActiveCfg = Debug|Any CPU
		{51F24014-65D4-414E-AC8D-1C9A2481308D}.Debug|x86.Build.0 = Debug|Any CPU
		{51F24014-65D4-414E-AC8D-1C9A2481308D}.Release|Any CPU.ActiveCfg = Release|Any CPU
		{51F24014-65D4-414E-AC8D-1C9A2481308D}.Release|Any CPU.Build.0 = Release|Any CPU
		{51F24014-65D4-414E-AC8D-1C9A2481308D}.Release|x86.ActiveCfg = Release|Any CPU
		{51F24014-65D4-414E-AC8D-1C9A2481308D}.Release|x86.Build.0 = Release|Any CPU
		{8D695F2D-A308-4319-B6A6-309D732FCE4C}.Debug|Any CPU.ActiveCfg = Debug|Any CPU
		{8D695F2D-A308-4319-B6A6-309D732FCE4C}.Debug|Any CPU.Build.0 = Debug|Any CPU
		{8D695F2D-A308-4319-B6A6-309D732FCE4C}.Debug|x86.ActiveCfg = Debug|Any CPU
		{8D695F2D-A308-4319-B6A6-309D732FCE4C}.Debug|x86.Build.0 = Debug|Any CPU
		{8D695F2D-A308-4319-B6A6-309D732FCE4C}.Release|Any CPU.ActiveCfg = Release|Any CPU
		{8D695F2D-A308-4319-B6A6-309D732FCE4C}.Release|Any CPU.Build.0 = Release|Any CPU
		{8D695F2D-A308-4319-B6A6-309D732FCE4C}.Release|x86.ActiveCfg = Release|Any CPU
		{8D695F2D-A308-4319-B6A6-309D732FCE4C}.Release|x86.Build.0 = Release|Any CPU
		{A1D48864-BD8D-44C8-ADBB-7B514FA2C618}.Debug|Any CPU.ActiveCfg = Debug|Any CPU
		{A1D48864-BD8D-44C8-ADBB-7B514FA2C618}.Debug|Any CPU.Build.0 = Debug|Any CPU
		{A1D48864-BD8D-44C8-ADBB-7B514FA2C618}.Debug|x86.ActiveCfg = Debug|Any CPU
		{A1D48864-BD8D-44C8-ADBB-7B514FA2C618}.Debug|x86.Build.0 = Debug|Any CPU
		{A1D48864-BD8D-44C8-ADBB-7B514FA2C618}.Release|Any CPU.ActiveCfg = Release|Any CPU
		{A1D48864-BD8D-44C8-ADBB-7B514FA2C618}.Release|Any CPU.Build.0 = Release|Any CPU
		{A1D48864-BD8D-44C8-ADBB-7B514FA2C618}.Release|x86.ActiveCfg = Release|Any CPU
		{A1D48864-BD8D-44C8-ADBB-7B514FA2C618}.Release|x86.Build.0 = Release|Any CPU
		{3CC77509-FCFF-482B-8B19-43E390147BA0}.Debug|Any CPU.ActiveCfg = Debug|Any CPU
		{3CC77509-FCFF-482B-8B19-43E390147BA0}.Debug|Any CPU.Build.0 = Debug|Any CPU
		{3CC77509-FCFF-482B-8B19-43E390147BA0}.Debug|x86.ActiveCfg = Debug|Any CPU
		{3CC77509-FCFF-482B-8B19-43E390147BA0}.Debug|x86.Build.0 = Debug|Any CPU
		{3CC77509-FCFF-482B-8B19-43E390147BA0}.Release|Any CPU.ActiveCfg = Release|Any CPU
		{3CC77509-FCFF-482B-8B19-43E390147BA0}.Release|Any CPU.Build.0 = Release|Any CPU
		{3CC77509-FCFF-482B-8B19-43E390147BA0}.Release|x86.ActiveCfg = Release|Any CPU
		{3CC77509-FCFF-482B-8B19-43E390147BA0}.Release|x86.Build.0 = Release|Any CPU
		{9034E5E4-A997-409C-86D1-2D1B74119204}.Debug|Any CPU.ActiveCfg = Debug|Any CPU
		{9034E5E4-A997-409C-86D1-2D1B74119204}.Debug|Any CPU.Build.0 = Debug|Any CPU
		{9034E5E4-A997-409C-86D1-2D1B74119204}.Debug|x86.ActiveCfg = Debug|Any CPU
		{9034E5E4-A997-409C-86D1-2D1B74119204}.Debug|x86.Build.0 = Debug|Any CPU
		{9034E5E4-A997-409C-86D1-2D1B74119204}.Release|Any CPU.ActiveCfg = Release|Any CPU
		{9034E5E4-A997-409C-86D1-2D1B74119204}.Release|Any CPU.Build.0 = Release|Any CPU
		{9034E5E4-A997-409C-86D1-2D1B74119204}.Release|x86.ActiveCfg = Release|Any CPU
		{9034E5E4-A997-409C-86D1-2D1B74119204}.Release|x86.Build.0 = Release|Any CPU
	EndGlobalSection
	GlobalSection(SolutionProperties) = preSolution
		HideSolutionNode = FALSE
	EndGlobalSection
EndGlobal
